
Microsoft Visual Studio Solution File, Format Version 12.00
# Visual Studio Version 16
VisualStudioVersion = 16.0.29613.14
MinimumVisualStudioVersion = 10.0.40219.1
Project("{FAE04EC0-301F-11D3-BF4B-00C04F79EFBC}") = "hepsiburada-mars-rover", "hepsiburada-mars-rover\hepsiburada-mars-rover.csproj", "{AD5A6C04-1F4E-4899-AEDB-A36E18AE23FF}"
EndProject
Project("{FAE04EC0-301F-11D3-BF4B-00C04F79EFBC}") = "tests", "tests\tests.csproj", "{F317E4B3-503D-4753-BF0C-64B083BD0B5B}"
EndProject
Global
	GlobalSection(SolutionConfigurationPlatforms) = preSolution
		Debug|Any CPU = Debug|Any CPU
		Release|Any CPU = Release|Any CPU
	EndGlobalSection
	GlobalSection(ProjectConfigurationPlatforms) = postSolution
		{AD5A6C04-1F4E-4899-AEDB-A36E18AE23FF}.Debug|Any CPU.ActiveCfg = Debug|Any CPU
		{AD5A6C04-1F4E-4899-AEDB-A36E18AE23FF}.Debug|Any CPU.Build.0 = Debug|Any CPU
		{AD5A6C04-1F4E-4899-AEDB-A36E18AE23FF}.Release|Any CPU.ActiveCfg = Release|Any CPU
		{AD5A6C04-1F4E-4899-AEDB-A36E18AE23FF}.Release|Any CPU.Build.0 = Release|Any CPU
		{F317E4B3-503D-4753-BF0C-64B083BD0B5B}.Debug|Any CPU.ActiveCfg = Debug|Any CPU
		{F317E4B3-503D-4753-BF0C-64B083BD0B5B}.Debug|Any CPU.Build.0 = Debug|Any CPU
		{F317E4B3-503D-4753-BF0C-64B083BD0B5B}.Release|Any CPU.ActiveCfg = Release|Any CPU
		{F317E4B3-503D-4753-BF0C-64B083BD0B5B}.Release|Any CPU.Build.0 = Release|Any CPU
	EndGlobalSection
	GlobalSection(SolutionProperties) = preSolution
		HideSolutionNode = FALSE
	EndGlobalSection
	GlobalSection(ExtensibilityGlobals) = postSolution
		SolutionGuid = {A11695DD-18EB-4C0F-BF36-06641DAC6C54}
	EndGlobalSection
EndGlobal
